
Microsoft Visual Studio Solution File, Format Version 12.00
# Visual Studio Version 17
VisualStudioVersion = 17.5.002.0
MinimumVisualStudioVersion = 10.0.40219.1
Project("{9A19103F-16F7-4668-BE54-9A1E7A4F7556}") = "GameStore.Client", "GameStore.Client\GameStore.Client.csproj", "{0C477A8A-20EC-4E14-AE4A-B48D6A891CB8}"
EndProject
Project("{9A19103F-16F7-4668-BE54-9A1E7A4F7556}") = "GameStore.Server", "GameStore.Server\GameStore.Server.csproj", "{F9AE58D1-6884-49CE-A9E3-11797D76C879}"
EndProject
Global
	GlobalSection(SolutionConfigurationPlatforms) = preSolution
		Debug|Any CPU = Debug|Any CPU
		Release|Any CPU = Release|Any CPU
	EndGlobalSection
	GlobalSection(ProjectConfigurationPlatforms) = postSolution
		{0C477A8A-20EC-4E14-AE4A-B48D6A891CB8}.Debug|Any CPU.ActiveCfg = Debug|Any CPU
		{0C477A8A-20EC-4E14-AE4A-B48D6A891CB8}.Debug|Any CPU.Build.0 = Debug|Any CPU
		{0C477A8A-20EC-4E14-AE4A-B48D6A891CB8}.Release|Any CPU.ActiveCfg = Release|Any CPU
		{0C477A8A-20EC-4E14-AE4A-B48D6A891CB8}.Release|Any CPU.Build.0 = Release|Any CPU
		{F9AE58D1-6884-49CE-A9E3-11797D76C879}.Debug|Any CPU.ActiveCfg = Debug|Any CPU
		{F9AE58D1-6884-49CE-A9E3-11797D76C879}.Debug|Any CPU.Build.0 = Debug|Any CPU
		{F9AE58D1-6884-49CE-A9E3-11797D76C879}.Release|Any CPU.ActiveCfg = Release|Any CPU
		{F9AE58D1-6884-49CE-A9E3-11797D76C879}.Release|Any CPU.Build.0 = Release|Any CPU
	EndGlobalSection
	GlobalSection(SolutionProperties) = preSolution
		HideSolutionNode = FALSE
	EndGlobalSection
	GlobalSection(ExtensibilityGlobals) = postSolution
		SolutionGuid = {B51AF8F5-9368-4A3E-A711-86B921533DED}
	EndGlobalSection
EndGlobal
